
Microsoft Visual Studio Solution File, Format Version 11.00
# Visual Studio 2010
Project("{FAE04EC0-301F-11D3-BF4B-00C04F79EFBC}") = "Assembly-CSharp", "Assembly-CSharp.csproj", "{0d44ebe0-00de-104e-92e3-dd535eb085f4}"
EndProject
Project("{FAE04EC0-301F-11D3-BF4B-00C04F79EFBC}") = "Assembly-CSharp-Editor", "Assembly-CSharp-Editor.csproj", "{b9662538-ba3c-eb9c-16e8-8eba0bc264c2}"
EndProject
Global
	GlobalSection(SolutionConfigurationPlatforms) = preSolution
		Debug|Any CPU = Debug|Any CPU
	EndGlobalSection
	GlobalSection(ProjectConfigurationPlatforms) = postSolution
		{0d44ebe0-00de-104e-92e3-dd535eb085f4}.Debug|Any CPU.ActiveCfg = Debug|Any CPU
		{0d44ebe0-00de-104e-92e3-dd535eb085f4}.Debug|Any CPU.Build.0 = Debug|Any CPU
		{b9662538-ba3c-eb9c-16e8-8eba0bc264c2}.Debug|Any CPU.ActiveCfg = Debug|Any CPU
		{b9662538-ba3c-eb9c-16e8-8eba0bc264c2}.Debug|Any CPU.Build.0 = Debug|Any CPU
	EndGlobalSection
	GlobalSection(SolutionProperties) = preSolution
		HideSolutionNode = FALSE
	EndGlobalSection
EndGlobal
